
Microsoft Visual Studio Solution File, Format Version 12.00
# Visual Studio 15
Project("{FAE04EC0-301F-11D3-BF4B-00C04F79EFBC}") = "UnityEngine.UI", "UnityEngine.UI.csproj", "{3A16D8F3-D06D-C6C9-BB3F-F9C3D3763499}"
EndProject
Project("{FAE04EC0-301F-11D3-BF4B-00C04F79EFBC}") = "Unity.AdaptivePerformance", "Unity.AdaptivePerformance.csproj", "{C01B89AB-414E-DF61-75C2-3651F4DB1EFF}"
EndProject
Project("{FAE04EC0-301F-11D3-BF4B-00C04F79EFBC}") = "Niantic.Lightship.Maps.Unity", "Niantic.Lightship.Maps.Unity.csproj", "{0D412E36-7262-CD48-75B6-55142E1B0CF1}"
EndProject
Project("{FAE04EC0-301F-11D3-BF4B-00C04F79EFBC}") = "ARDK", "ARDK.csproj", "{A897509B-B941-E681-EF19-4A3E5A73E432}"
EndProject
Project("{FAE04EC0-301F-11D3-BF4B-00C04F79EFBC}") = "UnityEngine.TestRunner", "UnityEngine.TestRunner.csproj", "{E03ED1D7-BA8C-E25B-B1E7-F9055DCFAD31}"
EndProject
Project("{FAE04EC0-301F-11D3-BF4B-00C04F79EFBC}") = "Unity.VisualScripting.Flow", "Unity.VisualScripting.Flow.csproj", "{997017DA-2193-9569-3745-275E21A2DDCA}"
EndProject
Project("{FAE04EC0-301F-11D3-BF4B-00C04F79EFBC}") = "ARDK-Examples", "ARDK-Examples.csproj", "{0C9BB53D-3FCB-909E-F839-7AF16F528FBF}"
EndProject
Project("{FAE04EC0-301F-11D3-BF4B-00C04F79EFBC}") = "Unity.Services.Core.Telemetry", "Unity.Services.Core.Telemetry.csproj", "{D5EBF4B0-4C0A-A7A6-B414-04644FC30DAD}"
EndProject
Project("{FAE04EC0-301F-11D3-BF4B-00C04F79EFBC}") = "Unity.VisualScripting.State", "Unity.VisualScripting.State.csproj", "{A6FAF5DE-7A56-BDD4-4854-A4CC4D633661}"
EndProject
Project("{FAE04EC0-301F-11D3-BF4B-00C04F79EFBC}") = "Unity.VisualScripting.Core", "Unity.VisualScripting.Core.csproj", "{5CB10FEC-57DD-C92E-8B9D-DACB28ED6F38}"
EndProject
Project("{FAE04EC0-301F-11D3-BF4B-00C04F79EFBC}") = "Unity.Services.Core.Environments.Internal", "Unity.Services.Core.Environments.Internal.csproj", "{7629442E-531C-8C37-ADCD-CB316E20B4CC}"
EndProject
Project("{FAE04EC0-301F-11D3-BF4B-00C04F79EFBC}") = "Unity.TextMeshPro", "Unity.TextMeshPro.csproj", "{29E29B9E-DADA-D052-A05F-9134DED6AB9D}"
EndProject
Project("{FAE04EC0-301F-11D3-BF4B-00C04F79EFBC}") = "Maps.Samples.GameSample", "Maps.Samples.GameSample.csproj", "{2B89508C-003A-7BAC-47EF-98E43C0F0CD4}"
EndProject
Project("{FAE04EC0-301F-11D3-BF4B-00C04F79EFBC}") = "Unity.Timeline", "Unity.Timeline.csproj", "{B607BEB5-0FA0-01EC-233C-532AF43DC8FA}"
EndProject
Project("{FAE04EC0-301F-11D3-BF4B-00C04F79EFBC}") = "Unity.Services.Core", "Unity.Services.Core.csproj", "{A639FA49-E2FF-D978-1007-C6F2E0E6527B}"
EndProject
Project("{FAE04EC0-301F-11D3-BF4B-00C04F79EFBC}") = "Assembly-CSharp", "Assembly-CSharp.csproj", "{675C67CA-BB92-22C3-FAC3-84174A0E0FAA}"
EndProject
Project("{FAE04EC0-301F-11D3-BF4B-00C04F79EFBC}") = "Unity.Notifications.Android", "Unity.Notifications.Android.csproj", "{9FADF9F9-5F81-A06D-2F7D-0E7E6BBF5405}"
EndProject
Project("{FAE04EC0-301F-11D3-BF4B-00C04F79EFBC}") = "Unity.Services.Core.Environments", "Unity.Services.Core.Environments.csproj", "{8B7207FF-4862-7839-32EA-1FD29EBBF916}"
EndProject
Project("{FAE04EC0-301F-11D3-BF4B-00C04F79EFBC}") = "Unity.Services.Core.Internal", "Unity.Services.Core.Internal.csproj", "{1C256D6D-B1FD-FC5F-B3CA-EAC6BD6CF694}"
EndProject
Project("{FAE04EC0-301F-11D3-BF4B-00C04F79EFBC}") = "Maps.Samples.Common", "Maps.Samples.Common.csproj", "{749BDA6F-0747-D6E9-8011-902E623C7981}"
EndProject
Project("{FAE04EC0-301F-11D3-BF4B-00C04F79EFBC}") = "Unity.Services.Core.Analytics", "Unity.Services.Core.Analytics.csproj", "{C3297B12-FCAF-B0A8-E180-90D5A836F8A0}"
EndProject
Project("{FAE04EC0-301F-11D3-BF4B-00C04F79EFBC}") = "OrbitCamera", "OrbitCamera.csproj", "{508D5EE9-AF69-B712-90B5-ADB40B674578}"
EndProject
Project("{FAE04EC0-301F-11D3-BF4B-00C04F79EFBC}") = "Unity.Notifications.iOS", "Unity.Notifications.iOS.csproj", "{B657351C-2FC2-9803-1DC9-7CF4DFE22484}"
EndProject
Project("{FAE04EC0-301F-11D3-BF4B-00C04F79EFBC}") = "Unity.Services.Core.Scheduler", "Unity.Services.Core.Scheduler.csproj", "{C07D6333-BE51-053F-D550-63C5C5C0D969}"
EndProject
Project("{FAE04EC0-301F-11D3-BF4B-00C04F79EFBC}") = "Unity.Services.Core.Registration", "Unity.Services.Core.Registration.csproj", "{94E7EEF9-C07F-277B-E07D-7B6E0354E714}"
EndProject
Project("{FAE04EC0-301F-11D3-BF4B-00C04F79EFBC}") = "Unity.Services.Core.Device", "Unity.Services.Core.Device.csproj", "{AAE57531-E5BC-AC5D-428A-88E1A3F5B114}"
EndProject
Project("{FAE04EC0-301F-11D3-BF4B-00C04F79EFBC}") = "Unity.Services.Core.Threading", "Unity.Services.Core.Threading.csproj", "{5CC80A61-6CFF-FCD7-1C5E-0D5518523775}"
EndProject
Project("{FAE04EC0-301F-11D3-BF4B-00C04F79EFBC}") = "Unity.Services.Core.Networking", "Unity.Services.Core.Networking.csproj", "{BFCB525F-1F84-2D83-E51D-12CEB741A4A8}"
EndProject
Project("{FAE04EC0-301F-11D3-BF4B-00C04F79EFBC}") = "Unity.Profiling.Core", "Unity.Profiling.Core.csproj", "{76DBC6F8-DFC1-9FFA-7E21-FDA0DF763754}"
EndProject
Project("{FAE04EC0-301F-11D3-BF4B-00C04F79EFBC}") = "UnityDebugging", "UnityDebugging.csproj", "{7972DCFF-3257-915D-527E-F6E6B48DBC91}"
EndProject
Project("{FAE04EC0-301F-11D3-BF4B-00C04F79EFBC}") = "Unity.Services.Core.Configuration", "Unity.Services.Core.Configuration.csproj", "{81598FEF-2DE7-8624-AE87-1E1829CEA28F}"
EndProject
Project("{FAE04EC0-301F-11D3-BF4B-00C04F79EFBC}") = "Unity.Subsystem.Registration", "Unity.Subsystem.Registration.csproj", "{5DD0372D-9B2A-1C62-607D-6A41F76D77F5}"
EndProject
Project("{FAE04EC0-301F-11D3-BF4B-00C04F79EFBC}") = "Unity.VisualScripting.Core.Editor", "Unity.VisualScripting.Core.Editor.csproj", "{E3710393-A722-9716-2B57-032609B463F5}"
EndProject
Project("{FAE04EC0-301F-11D3-BF4B-00C04F79EFBC}") = "Unity.PlasticSCM.Editor", "Unity.PlasticSCM.Editor.csproj", "{B46499A9-9885-C586-FFB9-F8B9030ED3A3}"
EndProject
Project("{FAE04EC0-301F-11D3-BF4B-00C04F79EFBC}") = "Unity.VisualScripting.Flow.Editor", "Unity.VisualScripting.Flow.Editor.csproj", "{9E8B5A6B-0B80-90BB-4E6D-A1DFB6570AF5}"
EndProject
Project("{FAE04EC0-301F-11D3-BF4B-00C04F79EFBC}") = "Unity.VisualStudio.Editor", "Unity.VisualStudio.Editor.csproj", "{858EBE1B-DA34-F8E2-8DAC-8A439E0056EC}"
EndProject
Project("{FAE04EC0-301F-11D3-BF4B-00C04F79EFBC}") = "Unity.Timeline.Editor", "Unity.Timeline.Editor.csproj", "{AF67188F-7FF6-953E-39FC-CA2BECDB6B3B}"
EndProject
Project("{FAE04EC0-301F-11D3-BF4B-00C04F79EFBC}") = "Unity.VisualScripting.State.Editor", "Unity.VisualScripting.State.Editor.csproj", "{96C6F20B-ED0C-1F80-6124-1178C88A0436}"
EndProject
Project("{FAE04EC0-301F-11D3-BF4B-00C04F79EFBC}") = "Unity.TextMeshPro.Editor", "Unity.TextMeshPro.Editor.csproj", "{2A0587E4-0FE5-4DD3-2529-3BE2A1A61A66}"
EndProject
Project("{FAE04EC0-301F-11D3-BF4B-00C04F79EFBC}") = "Unity.AdaptivePerformance.Simulator.Editor", "Unity.AdaptivePerformance.Simulator.Editor.csproj", "{BBCFB78D-368F-E70E-BB1D-BAC6496C6948}"
EndProject
Project("{FAE04EC0-301F-11D3-BF4B-00C04F79EFBC}") = "ARDK-Editor", "ARDK-Editor.csproj", "{7A7B73A4-088E-FFBB-477F-CD6F19C80CB5}"
EndProject
Project("{FAE04EC0-301F-11D3-BF4B-00C04F79EFBC}") = "Unity.VisualScripting.SettingsProvider.Editor", "Unity.VisualScripting.SettingsProvider.Editor.csproj", "{7616E30C-9265-D144-32CD-0119A698D275}"
EndProject
Project("{FAE04EC0-301F-11D3-BF4B-00C04F79EFBC}") = "Unity.CollabProxy.Editor", "Unity.CollabProxy.Editor.csproj", "{756D4B34-B1F6-BD05-C3E8-CEB990F8C3E1}"
EndProject
Project("{FAE04EC0-301F-11D3-BF4B-00C04F79EFBC}") = "UnityEditor.TestRunner", "UnityEditor.TestRunner.csproj", "{130EA0A9-9442-0F58-64D3-F35D86E37F8D}"
EndProject
Project("{FAE04EC0-301F-11D3-BF4B-00C04F79EFBC}") = "Unity.Services.Core.Editor", "Unity.Services.Core.Editor.csproj", "{8859F3EA-DC94-8B8E-BD4F-CA539553C449}"
EndProject
Project("{FAE04EC0-301F-11D3-BF4B-00C04F79EFBC}") = "Unity.Mobile.AndroidLogcat.Editor", "Unity.Mobile.AndroidLogcat.Editor.csproj", "{F61B6F1F-3478-5BBE-AB01-5634E4E72A03}"
EndProject
Project("{FAE04EC0-301F-11D3-BF4B-00C04F79EFBC}") = "Unity.Rider.Editor", "Unity.Rider.Editor.csproj", "{DAFC1BD2-90C5-834E-67CB-0F99094BEFF2}"
EndProject
Project("{FAE04EC0-301F-11D3-BF4B-00C04F79EFBC}") = "Unity.VSCode.Editor", "Unity.VSCode.Editor.csproj", "{E5103291-494F-36A5-9801-7F7D055792DC}"
EndProject
Project("{FAE04EC0-301F-11D3-BF4B-00C04F79EFBC}") = "Unity.Notifications", "Unity.Notifications.csproj", "{0C0572BA-62CB-70AB-5DC6-BECE8C73E82F}"
EndProject
Project("{FAE04EC0-301F-11D3-BF4B-00C04F79EFBC}") = "UnityEditor.UI", "UnityEditor.UI.csproj", "{EEE15035-73AA-172D-355D-B8EDB95A00CD}"
EndProject
Project("{FAE04EC0-301F-11D3-BF4B-00C04F79EFBC}") = "Unity.AdaptivePerformance.Editor", "Unity.AdaptivePerformance.Editor.csproj", "{7E7D7C92-DF0C-F295-7095-62CAFA1F11E7}"
EndProject
Project("{FAE04EC0-301F-11D3-BF4B-00C04F79EFBC}") = "Unity.Services.Core.Configuration.Editor", "Unity.Services.Core.Configuration.Editor.csproj", "{C2D3C284-F998-46F2-1999-159A3CA99221}"
EndProject
Project("{FAE04EC0-301F-11D3-BF4B-00C04F79EFBC}") = "Unity.VisualScripting.Shared.Editor", "Unity.VisualScripting.Shared.Editor.csproj", "{AD228FA5-768E-96FD-316C-BB8E524F303F}"
EndProject
Project("{FAE04EC0-301F-11D3-BF4B-00C04F79EFBC}") = "Unity.AdaptivePerformance.Simulator.Extension", "Unity.AdaptivePerformance.Simulator.Extension.csproj", "{969F86DD-A1D3-848B-1D41-37B3EB76D59C}"
EndProject
Project("{FAE04EC0-301F-11D3-BF4B-00C04F79EFBC}") = "RemoteAuthoring", "RemoteAuthoring.csproj", "{62793A41-32A0-BB27-6929-0CDF10011D9D}"
EndProject
Project("{FAE04EC0-301F-11D3-BF4B-00C04F79EFBC}") = "Unity.AdaptivePerformance.UI.Editor", "Unity.AdaptivePerformance.UI.Editor.csproj", "{86E7D491-3FFE-F6AE-1E46-D9C50D963917}"
EndProject
Project("{FAE04EC0-301F-11D3-BF4B-00C04F79EFBC}") = "Unity.AdaptivePerformance.Profiler.Editor", "Unity.AdaptivePerformance.Profiler.Editor.csproj", "{F8179D8C-543F-EE6F-F14B-B1CC80F83FB2}"
EndProject
Project("{FAE04EC0-301F-11D3-BF4B-00C04F79EFBC}") = "Maps.Samples.Common.Editor", "Maps.Samples.Common.Editor.csproj", "{4298AD5D-94A3-376B-B1BD-968607D33CD4}"
EndProject
Global
	GlobalSection(SolutionConfigurationPlatforms) = preSolution
		Debug|Any CPU = Debug|Any CPU
		Release|Any CPU = Release|Any CPU
	EndGlobalSection
	GlobalSection(ProjectConfigurationPlatforms) = postSolution
		{3A16D8F3-D06D-C6C9-BB3F-F9C3D3763499}.Debug|Any CPU.ActiveCfg = Debug|Any CPU
		{3A16D8F3-D06D-C6C9-BB3F-F9C3D3763499}.Debug|Any CPU.Build.0 = Debug|Any CPU
		{3A16D8F3-D06D-C6C9-BB3F-F9C3D3763499}.Release|Any CPU.ActiveCfg = Release|Any CPU
		{3A16D8F3-D06D-C6C9-BB3F-F9C3D3763499}.Release|Any CPU.Build.0 = Release|Any CPU
		{C01B89AB-414E-DF61-75C2-3651F4DB1EFF}.Debug|Any CPU.ActiveCfg = Debug|Any CPU
		{C01B89AB-414E-DF61-75C2-3651F4DB1EFF}.Debug|Any CPU.Build.0 = Debug|Any CPU
		{C01B89AB-414E-DF61-75C2-3651F4DB1EFF}.Release|Any CPU.ActiveCfg = Release|Any CPU
		{C01B89AB-414E-DF61-75C2-3651F4DB1EFF}.Release|Any CPU.Build.0 = Release|Any CPU
		{0D412E36-7262-CD48-75B6-55142E1B0CF1}.Debug|Any CPU.ActiveCfg = Debug|Any CPU
		{0D412E36-7262-CD48-75B6-55142E1B0CF1}.Debug|Any CPU.Build.0 = Debug|Any CPU
		{0D412E36-7262-CD48-75B6-55142E1B0CF1}.Release|Any CPU.ActiveCfg = Release|Any CPU
		{0D412E36-7262-CD48-75B6-55142E1B0CF1}.Release|Any CPU.Build.0 = Release|Any CPU
		{A897509B-B941-E681-EF19-4A3E5A73E432}.Debug|Any CPU.ActiveCfg = Debug|Any CPU
		{A897509B-B941-E681-EF19-4A3E5A73E432}.Debug|Any CPU.Build.0 = Debug|Any CPU
		{A897509B-B941-E681-EF19-4A3E5A73E432}.Release|Any CPU.ActiveCfg = Release|Any CPU
		{A897509B-B941-E681-EF19-4A3E5A73E432}.Release|Any CPU.Build.0 = Release|Any CPU
		{E03ED1D7-BA8C-E25B-B1E7-F9055DCFAD31}.Debug|Any CPU.ActiveCfg = Debug|Any CPU
		{E03ED1D7-BA8C-E25B-B1E7-F9055DCFAD31}.Debug|Any CPU.Build.0 = Debug|Any CPU
		{E03ED1D7-BA8C-E25B-B1E7-F9055DCFAD31}.Release|Any CPU.ActiveCfg = Release|Any CPU
		{E03ED1D7-BA8C-E25B-B1E7-F9055DCFAD31}.Release|Any CPU.Build.0 = Release|Any CPU
		{997017DA-2193-9569-3745-275E21A2DDCA}.Debug|Any CPU.ActiveCfg = Debug|Any CPU
		{997017DA-2193-9569-3745-275E21A2DDCA}.Debug|Any CPU.Build.0 = Debug|Any CPU
		{997017DA-2193-9569-3745-275E21A2DDCA}.Release|Any CPU.ActiveCfg = Release|Any CPU
		{997017DA-2193-9569-3745-275E21A2DDCA}.Release|Any CPU.Build.0 = Release|Any CPU
		{0C9BB53D-3FCB-909E-F839-7AF16F528FBF}.Debug|Any CPU.ActiveCfg = Debug|Any CPU
		{0C9BB53D-3FCB-909E-F839-7AF16F528FBF}.Debug|Any CPU.Build.0 = Debug|Any CPU
		{0C9BB53D-3FCB-909E-F839-7AF16F528FBF}.Release|Any CPU.ActiveCfg = Release|Any CPU
		{0C9BB53D-3FCB-909E-F839-7AF16F528FBF}.Release|Any CPU.Build.0 = Release|Any CPU
		{D5EBF4B0-4C0A-A7A6-B414-04644FC30DAD}.Debug|Any CPU.ActiveCfg = Debug|Any CPU
		{D5EBF4B0-4C0A-A7A6-B414-04644FC30DAD}.Debug|Any CPU.Build.0 = Debug|Any CPU
		{D5EBF4B0-4C0A-A7A6-B414-04644FC30DAD}.Release|Any CPU.ActiveCfg = Release|Any CPU
		{D5EBF4B0-4C0A-A7A6-B414-04644FC30DAD}.Release|Any CPU.Build.0 = Release|Any CPU
		{A6FAF5DE-7A56-BDD4-4854-A4CC4D633661}.Debug|Any CPU.ActiveCfg = Debug|Any CPU
		{A6FAF5DE-7A56-BDD4-4854-A4CC4D633661}.Debug|Any CPU.Build.0 = Debug|Any CPU
		{A6FAF5DE-7A56-BDD4-4854-A4CC4D633661}.Release|Any CPU.ActiveCfg = Release|Any CPU
		{A6FAF5DE-7A56-BDD4-4854-A4CC4D633661}.Release|Any CPU.Build.0 = Release|Any CPU
		{5CB10FEC-57DD-C92E-8B9D-DACB28ED6F38}.Debug|Any CPU.ActiveCfg = Debug|Any CPU
		{5CB10FEC-57DD-C92E-8B9D-DACB28ED6F38}.Debug|Any CPU.Build.0 = Debug|Any CPU
		{5CB10FEC-57DD-C92E-8B9D-DACB28ED6F38}.Release|Any CPU.ActiveCfg = Release|Any CPU
		{5CB10FEC-57DD-C92E-8B9D-DACB28ED6F38}.Release|Any CPU.Build.0 = Release|Any CPU
		{7629442E-531C-8C37-ADCD-CB316E20B4CC}.Debug|Any CPU.ActiveCfg = Debug|Any CPU
		{7629442E-531C-8C37-ADCD-CB316E20B4CC}.Debug|Any CPU.Build.0 = Debug|Any CPU
		{7629442E-531C-8C37-ADCD-CB316E20B4CC}.Release|Any CPU.ActiveCfg = Release|Any CPU
		{7629442E-531C-8C37-ADCD-CB316E20B4CC}.Release|Any CPU.Build.0 = Release|Any CPU
		{29E29B9E-DADA-D052-A05F-9134DED6AB9D}.Debug|Any CPU.ActiveCfg = Debug|Any CPU
		{29E29B9E-DADA-D052-A05F-9134DED6AB9D}.Debug|Any CPU.Build.0 = Debug|Any CPU
		{29E29B9E-DADA-D052-A05F-9134DED6AB9D}.Release|Any CPU.ActiveCfg = Release|Any CPU
		{29E29B9E-DADA-D052-A05F-9134DED6AB9D}.Release|Any CPU.Build.0 = Release|Any CPU
		{2B89508C-003A-7BAC-47EF-98E43C0F0CD4}.Debug|Any CPU.ActiveCfg = Debug|Any CPU
		{2B89508C-003A-7BAC-47EF-98E43C0F0CD4}.Debug|Any CPU.Build.0 = Debug|Any CPU
		{2B89508C-003A-7BAC-47EF-98E43C0F0CD4}.Release|Any CPU.ActiveCfg = Release|Any CPU
		{2B89508C-003A-7BAC-47EF-98E43C0F0CD4}.Release|Any CPU.Build.0 = Release|Any CPU
		{B607BEB5-0FA0-01EC-233C-532AF43DC8FA}.Debug|Any CPU.ActiveCfg = Debug|Any CPU
		{B607BEB5-0FA0-01EC-233C-532AF43DC8FA}.Debug|Any CPU.Build.0 = Debug|Any CPU
		{B607BEB5-0FA0-01EC-233C-532AF43DC8FA}.Release|Any CPU.ActiveCfg = Release|Any CPU
		{B607BEB5-0FA0-01EC-233C-532AF43DC8FA}.Release|Any CPU.Build.0 = Release|Any CPU
		{A639FA49-E2FF-D978-1007-C6F2E0E6527B}.Debug|Any CPU.ActiveCfg = Debug|Any CPU
		{A639FA49-E2FF-D978-1007-C6F2E0E6527B}.Debug|Any CPU.Build.0 = Debug|Any CPU
		{A639FA49-E2FF-D978-1007-C6F2E0E6527B}.Release|Any CPU.ActiveCfg = Release|Any CPU
		{A639FA49-E2FF-D978-1007-C6F2E0E6527B}.Release|Any CPU.Build.0 = Release|Any CPU
		{675C67CA-BB92-22C3-FAC3-84174A0E0FAA}.Debug|Any CPU.ActiveCfg = Debug|Any CPU
		{675C67CA-BB92-22C3-FAC3-84174A0E0FAA}.Debug|Any CPU.Build.0 = Debug|Any CPU
		{675C67CA-BB92-22C3-FAC3-84174A0E0FAA}.Release|Any CPU.ActiveCfg = Release|Any CPU
		{675C67CA-BB92-22C3-FAC3-84174A0E0FAA}.Release|Any CPU.Build.0 = Release|Any CPU
		{9FADF9F9-5F81-A06D-2F7D-0E7E6BBF5405}.Debug|Any CPU.ActiveCfg = Debug|Any CPU
		{9FADF9F9-5F81-A06D-2F7D-0E7E6BBF5405}.Debug|Any CPU.Build.0 = Debug|Any CPU
		{9FADF9F9-5F81-A06D-2F7D-0E7E6BBF5405}.Release|Any CPU.ActiveCfg = Release|Any CPU
		{9FADF9F9-5F81-A06D-2F7D-0E7E6BBF5405}.Release|Any CPU.Build.0 = Release|Any CPU
		{8B7207FF-4862-7839-32EA-1FD29EBBF916}.Debug|Any CPU.ActiveCfg = Debug|Any CPU
		{8B7207FF-4862-7839-32EA-1FD29EBBF916}.Debug|Any CPU.Build.0 = Debug|Any CPU
		{8B7207FF-4862-7839-32EA-1FD29EBBF916}.Release|Any CPU.ActiveCfg = Release|Any CPU
		{8B7207FF-4862-7839-32EA-1FD29EBBF916}.Release|Any CPU.Build.0 = Release|Any CPU
		{1C256D6D-B1FD-FC5F-B3CA-EAC6BD6CF694}.Debug|Any CPU.ActiveCfg = Debug|Any CPU
		{1C256D6D-B1FD-FC5F-B3CA-EAC6BD6CF694}.Debug|Any CPU.Build.0 = Debug|Any CPU
		{1C256D6D-B1FD-FC5F-B3CA-EAC6BD6CF694}.Release|Any CPU.ActiveCfg = Release|Any CPU
		{1C256D6D-B1FD-FC5F-B3CA-EAC6BD6CF694}.Release|Any CPU.Build.0 = Release|Any CPU
		{749BDA6F-0747-D6E9-8011-902E623C7981}.Debug|Any CPU.ActiveCfg = Debug|Any CPU
		{749BDA6F-0747-D6E9-8011-902E623C7981}.Debug|Any CPU.Build.0 = Debug|Any CPU
		{749BDA6F-0747-D6E9-8011-902E623C7981}.Release|Any CPU.ActiveCfg = Release|Any CPU
		{749BDA6F-0747-D6E9-8011-902E623C7981}.Release|Any CPU.Build.0 = Release|Any CPU
		{C3297B12-FCAF-B0A8-E180-90D5A836F8A0}.Debug|Any CPU.ActiveCfg = Debug|Any CPU
		{C3297B12-FCAF-B0A8-E180-90D5A836F8A0}.Debug|Any CPU.Build.0 = Debug|Any CPU
		{C3297B12-FCAF-B0A8-E180-90D5A836F8A0}.Release|Any CPU.ActiveCfg = Release|Any CPU
		{C3297B12-FCAF-B0A8-E180-90D5A836F8A0}.Release|Any CPU.Build.0 = Release|Any CPU
		{508D5EE9-AF69-B712-90B5-ADB40B674578}.Debug|Any CPU.ActiveCfg = Debug|Any CPU
		{508D5EE9-AF69-B712-90B5-ADB40B674578}.Debug|Any CPU.Build.0 = Debug|Any CPU
		{508D5EE9-AF69-B712-90B5-ADB40B674578}.Release|Any CPU.ActiveCfg = Release|Any CPU
		{508D5EE9-AF69-B712-90B5-ADB40B674578}.Release|Any CPU.Build.0 = Release|Any CPU
		{B657351C-2FC2-9803-1DC9-7CF4DFE22484}.Debug|Any CPU.ActiveCfg = Debug|Any CPU
		{B657351C-2FC2-9803-1DC9-7CF4DFE22484}.Debug|Any CPU.Build.0 = Debug|Any CPU
		{B657351C-2FC2-9803-1DC9-7CF4DFE22484}.Release|Any CPU.ActiveCfg = Release|Any CPU
		{B657351C-2FC2-9803-1DC9-7CF4DFE22484}.Release|Any CPU.Build.0 = Release|Any CPU
		{C07D6333-BE51-053F-D550-63C5C5C0D969}.Debug|Any CPU.ActiveCfg = Debug|Any CPU
		{C07D6333-BE51-053F-D550-63C5C5C0D969}.Debug|Any CPU.Build.0 = Debug|Any CPU
		{C07D6333-BE51-053F-D550-63C5C5C0D969}.Release|Any CPU.ActiveCfg = Release|Any CPU
		{C07D6333-BE51-053F-D550-63C5C5C0D969}.Release|Any CPU.Build.0 = Release|Any CPU
		{94E7EEF9-C07F-277B-E07D-7B6E0354E714}.Debug|Any CPU.ActiveCfg = Debug|Any CPU
		{94E7EEF9-C07F-277B-E07D-7B6E0354E714}.Debug|Any CPU.Build.0 = Debug|Any CPU
		{94E7EEF9-C07F-277B-E07D-7B6E0354E714}.Release|Any CPU.ActiveCfg = Release|Any CPU
		{94E7EEF9-C07F-277B-E07D-7B6E0354E714}.Release|Any CPU.Build.0 = Release|Any CPU
		{AAE57531-E5BC-AC5D-428A-88E1A3F5B114}.Debug|Any CPU.ActiveCfg = Debug|Any CPU
		{AAE57531-E5BC-AC5D-428A-88E1A3F5B114}.Debug|Any CPU.Build.0 = Debug|Any CPU
		{AAE57531-E5BC-AC5D-428A-88E1A3F5B114}.Release|Any CPU.ActiveCfg = Release|Any CPU
		{AAE57531-E5BC-AC5D-428A-88E1A3F5B114}.Release|Any CPU.Build.0 = Release|Any CPU
		{5CC80A61-6CFF-FCD7-1C5E-0D5518523775}.Debug|Any CPU.ActiveCfg = Debug|Any CPU
		{5CC80A61-6CFF-FCD7-1C5E-0D5518523775}.Debug|Any CPU.Build.0 = Debug|Any CPU
		{5CC80A61-6CFF-FCD7-1C5E-0D5518523775}.Release|Any CPU.ActiveCfg = Release|Any CPU
		{5CC80A61-6CFF-FCD7-1C5E-0D5518523775}.Release|Any CPU.Build.0 = Release|Any CPU
		{BFCB525F-1F84-2D83-E51D-12CEB741A4A8}.Debug|Any CPU.ActiveCfg = Debug|Any CPU
		{BFCB525F-1F84-2D83-E51D-12CEB741A4A8}.Debug|Any CPU.Build.0 = Debug|Any CPU
		{BFCB525F-1F84-2D83-E51D-12CEB741A4A8}.Release|Any CPU.ActiveCfg = Release|Any CPU
		{BFCB525F-1F84-2D83-E51D-12CEB741A4A8}.Release|Any CPU.Build.0 = Release|Any CPU
		{76DBC6F8-DFC1-9FFA-7E21-FDA0DF763754}.Debug|Any CPU.ActiveCfg = Debug|Any CPU
		{76DBC6F8-DFC1-9FFA-7E21-FDA0DF763754}.Debug|Any CPU.Build.0 = Debug|Any CPU
		{76DBC6F8-DFC1-9FFA-7E21-FDA0DF763754}.Release|Any CPU.ActiveCfg = Release|Any CPU
		{76DBC6F8-DFC1-9FFA-7E21-FDA0DF763754}.Release|Any CPU.Build.0 = Release|Any CPU
		{7972DCFF-3257-915D-527E-F6E6B48DBC91}.Debug|Any CPU.ActiveCfg = Debug|Any CPU
		{7972DCFF-3257-915D-527E-F6E6B48DBC91}.Debug|Any CPU.Build.0 = Debug|Any CPU
		{7972DCFF-3257-915D-527E-F6E6B48DBC91}.Release|Any CPU.ActiveCfg = Release|Any CPU
		{7972DCFF-3257-915D-527E-F6E6B48DBC91}.Release|Any CPU.Build.0 = Release|Any CPU
		{81598FEF-2DE7-8624-AE87-1E1829CEA28F}.Debug|Any CPU.ActiveCfg = Debug|Any CPU
		{81598FEF-2DE7-8624-AE87-1E1829CEA28F}.Debug|Any CPU.Build.0 = Debug|Any CPU
		{81598FEF-2DE7-8624-AE87-1E1829CEA28F}.Release|Any CPU.ActiveCfg = Release|Any CPU
		{81598FEF-2DE7-8624-AE87-1E1829CEA28F}.Release|Any CPU.Build.0 = Release|Any CPU
		{5DD0372D-9B2A-1C62-607D-6A41F76D77F5}.Debug|Any CPU.ActiveCfg = Debug|Any CPU
		{5DD0372D-9B2A-1C62-607D-6A41F76D77F5}.Debug|Any CPU.Build.0 = Debug|Any CPU
		{5DD0372D-9B2A-1C62-607D-6A41F76D77F5}.Release|Any CPU.ActiveCfg = Release|Any CPU
		{5DD0372D-9B2A-1C62-607D-6A41F76D77F5}.Release|Any CPU.Build.0 = Release|Any CPU
		{E3710393-A722-9716-2B57-032609B463F5}.Debug|Any CPU.ActiveCfg = Debug|Any CPU
		{E3710393-A722-9716-2B57-032609B463F5}.Debug|Any CPU.Build.0 = Debug|Any CPU
		{E3710393-A722-9716-2B57-032609B463F5}.Release|Any CPU.ActiveCfg = Release|Any CPU
		{E3710393-A722-9716-2B57-032609B463F5}.Release|Any CPU.Build.0 = Release|Any CPU
		{B46499A9-9885-C586-FFB9-F8B9030ED3A3}.Debug|Any CPU.ActiveCfg = Debug|Any CPU
		{B46499A9-9885-C586-FFB9-F8B9030ED3A3}.Debug|Any CPU.Build.0 = Debug|Any CPU
		{B46499A9-9885-C586-FFB9-F8B9030ED3A3}.Release|Any CPU.ActiveCfg = Release|Any CPU
		{B46499A9-9885-C586-FFB9-F8B9030ED3A3}.Release|Any CPU.Build.0 = Release|Any CPU
		{9E8B5A6B-0B80-90BB-4E6D-A1DFB6570AF5}.Debug|Any CPU.ActiveCfg = Debug|Any CPU
		{9E8B5A6B-0B80-90BB-4E6D-A1DFB6570AF5}.Debug|Any CPU.Build.0 = Debug|Any CPU
		{9E8B5A6B-0B80-90BB-4E6D-A1DFB6570AF5}.Release|Any CPU.ActiveCfg = Release|Any CPU
		{9E8B5A6B-0B80-90BB-4E6D-A1DFB6570AF5}.Release|Any CPU.Build.0 = Release|Any CPU
		{858EBE1B-DA34-F8E2-8DAC-8A439E0056EC}.Debug|Any CPU.ActiveCfg = Debug|Any CPU
		{858EBE1B-DA34-F8E2-8DAC-8A439E0056EC}.Debug|Any CPU.Build.0 = Debug|Any CPU
		{858EBE1B-DA34-F8E2-8DAC-8A439E0056EC}.Release|Any CPU.ActiveCfg = Release|Any CPU
		{858EBE1B-DA34-F8E2-8DAC-8A439E0056EC}.Release|Any CPU.Build.0 = Release|Any CPU
		{AF67188F-7FF6-953E-39FC-CA2BECDB6B3B}.Debug|Any CPU.ActiveCfg = Debug|Any CPU
		{AF67188F-7FF6-953E-39FC-CA2BECDB6B3B}.Debug|Any CPU.Build.0 = Debug|Any CPU
		{AF67188F-7FF6-953E-39FC-CA2BECDB6B3B}.Release|Any CPU.ActiveCfg = Release|Any CPU
		{AF67188F-7FF6-953E-39FC-CA2BECDB6B3B}.Release|Any CPU.Build.0 = Release|Any CPU
		{96C6F20B-ED0C-1F80-6124-1178C88A0436}.Debug|Any CPU.ActiveCfg = Debug|Any CPU
		{96C6F20B-ED0C-1F80-6124-1178C88A0436}.Debug|Any CPU.Build.0 = Debug|Any CPU
		{96C6F20B-ED0C-1F80-6124-1178C88A0436}.Release|Any CPU.ActiveCfg = Release|Any CPU
		{96C6F20B-ED0C-1F80-6124-1178C88A0436}.Release|Any CPU.Build.0 = Release|Any CPU
		{2A0587E4-0FE5-4DD3-2529-3BE2A1A61A66}.Debug|Any CPU.ActiveCfg = Debug|Any CPU
		{2A0587E4-0FE5-4DD3-2529-3BE2A1A61A66}.Debug|Any CPU.Build.0 = Debug|Any CPU
		{2A0587E4-0FE5-4DD3-2529-3BE2A1A61A66}.Release|Any CPU.ActiveCfg = Release|Any CPU
		{2A0587E4-0FE5-4DD3-2529-3BE2A1A61A66}.Release|Any CPU.Build.0 = Release|Any CPU
		{BBCFB78D-368F-E70E-BB1D-BAC6496C6948}.Debug|Any CPU.ActiveCfg = Debug|Any CPU
		{BBCFB78D-368F-E70E-BB1D-BAC6496C6948}.Debug|Any CPU.Build.0 = Debug|Any CPU
		{BBCFB78D-368F-E70E-BB1D-BAC6496C6948}.Release|Any CPU.ActiveCfg = Release|Any CPU
		{BBCFB78D-368F-E70E-BB1D-BAC6496C6948}.Release|Any CPU.Build.0 = Release|Any CPU
		{7A7B73A4-088E-FFBB-477F-CD6F19C80CB5}.Debug|Any CPU.ActiveCfg = Debug|Any CPU
		{7A7B73A4-088E-FFBB-477F-CD6F19C80CB5}.Debug|Any CPU.Build.0 = Debug|Any CPU
		{7A7B73A4-088E-FFBB-477F-CD6F19C80CB5}.Release|Any CPU.ActiveCfg = Release|Any CPU
		{7A7B73A4-088E-FFBB-477F-CD6F19C80CB5}.Release|Any CPU.Build.0 = Release|Any CPU
		{7616E30C-9265-D144-32CD-0119A698D275}.Debug|Any CPU.ActiveCfg = Debug|Any CPU
		{7616E30C-9265-D144-32CD-0119A698D275}.Debug|Any CPU.Build.0 = Debug|Any CPU
		{7616E30C-9265-D144-32CD-0119A698D275}.Release|Any CPU.ActiveCfg = Release|Any CPU
		{7616E30C-9265-D144-32CD-0119A698D275}.Release|Any CPU.Build.0 = Release|Any CPU
		{756D4B34-B1F6-BD05-C3E8-CEB990F8C3E1}.Debug|Any CPU.ActiveCfg = Debug|Any CPU
		{756D4B34-B1F6-BD05-C3E8-CEB990F8C3E1}.Debug|Any CPU.Build.0 = Debug|Any CPU
		{756D4B34-B1F6-BD05-C3E8-CEB990F8C3E1}.Release|Any CPU.ActiveCfg = Release|Any CPU
		{756D4B34-B1F6-BD05-C3E8-CEB990F8C3E1}.Release|Any CPU.Build.0 = Release|Any CPU
		{130EA0A9-9442-0F58-64D3-F35D86E37F8D}.Debug|Any CPU.ActiveCfg = Debug|Any CPU
		{130EA0A9-9442-0F58-64D3-F35D86E37F8D}.Debug|Any CPU.Build.0 = Debug|Any CPU
		{130EA0A9-9442-0F58-64D3-F35D86E37F8D}.Release|Any CPU.ActiveCfg = Release|Any CPU
		{130EA0A9-9442-0F58-64D3-F35D86E37F8D}.Release|Any CPU.Build.0 = Release|Any CPU
		{8859F3EA-DC94-8B8E-BD4F-CA539553C449}.Debug|Any CPU.ActiveCfg = Debug|Any CPU
		{8859F3EA-DC94-8B8E-BD4F-CA539553C449}.Debug|Any CPU.Build.0 = Debug|Any CPU
		{8859F3EA-DC94-8B8E-BD4F-CA539553C449}.Release|Any CPU.ActiveCfg = Release|Any CPU
		{8859F3EA-DC94-8B8E-BD4F-CA539553C449}.Release|Any CPU.Build.0 = Release|Any CPU
		{F61B6F1F-3478-5BBE-AB01-5634E4E72A03}.Debug|Any CPU.ActiveCfg = Debug|Any CPU
		{F61B6F1F-3478-5BBE-AB01-5634E4E72A03}.Debug|Any CPU.Build.0 = Debug|Any CPU
		{F61B6F1F-3478-5BBE-AB01-5634E4E72A03}.Release|Any CPU.ActiveCfg = Release|Any CPU
		{F61B6F1F-3478-5BBE-AB01-5634E4E72A03}.Release|Any CPU.Build.0 = Release|Any CPU
		{DAFC1BD2-90C5-834E-67CB-0F99094BEFF2}.Debug|Any CPU.ActiveCfg = Debug|Any CPU
		{DAFC1BD2-90C5-834E-67CB-0F99094BEFF2}.Debug|Any CPU.Build.0 = Debug|Any CPU
		{DAFC1BD2-90C5-834E-67CB-0F99094BEFF2}.Release|Any CPU.ActiveCfg = Release|Any CPU
		{DAFC1BD2-90C5-834E-67CB-0F99094BEFF2}.Release|Any CPU.Build.0 = Release|Any CPU
		{E5103291-494F-36A5-9801-7F7D055792DC}.Debug|Any CPU.ActiveCfg = Debug|Any CPU
		{E5103291-494F-36A5-9801-7F7D055792DC}.Debug|Any CPU.Build.0 = Debug|Any CPU
		{E5103291-494F-36A5-9801-7F7D055792DC}.Release|Any CPU.ActiveCfg = Release|Any CPU
		{E5103291-494F-36A5-9801-7F7D055792DC}.Release|Any CPU.Build.0 = Release|Any CPU
		{0C0572BA-62CB-70AB-5DC6-BECE8C73E82F}.Debug|Any CPU.ActiveCfg = Debug|Any CPU
		{0C0572BA-62CB-70AB-5DC6-BECE8C73E82F}.Debug|Any CPU.Build.0 = Debug|Any CPU
		{0C0572BA-62CB-70AB-5DC6-BECE8C73E82F}.Release|Any CPU.ActiveCfg = Release|Any CPU
		{0C0572BA-62CB-70AB-5DC6-BECE8C73E82F}.Release|Any CPU.Build.0 = Release|Any CPU
		{EEE15035-73AA-172D-355D-B8EDB95A00CD}.Debug|Any CPU.ActiveCfg = Debug|Any CPU
		{EEE15035-73AA-172D-355D-B8EDB95A00CD}.Debug|Any CPU.Build.0 = Debug|Any CPU
		{EEE15035-73AA-172D-355D-B8EDB95A00CD}.Release|Any CPU.ActiveCfg = Release|Any CPU
		{EEE15035-73AA-172D-355D-B8EDB95A00CD}.Release|Any CPU.Build.0 = Release|Any CPU
		{7E7D7C92-DF0C-F295-7095-62CAFA1F11E7}.Debug|Any CPU.ActiveCfg = Debug|Any CPU
		{7E7D7C92-DF0C-F295-7095-62CAFA1F11E7}.Debug|Any CPU.Build.0 = Debug|Any CPU
		{7E7D7C92-DF0C-F295-7095-62CAFA1F11E7}.Release|Any CPU.ActiveCfg = Release|Any CPU
		{7E7D7C92-DF0C-F295-7095-62CAFA1F11E7}.Release|Any CPU.Build.0 = Release|Any CPU
		{C2D3C284-F998-46F2-1999-159A3CA99221}.Debug|Any CPU.ActiveCfg = Debug|Any CPU
		{C2D3C284-F998-46F2-1999-159A3CA99221}.Debug|Any CPU.Build.0 = Debug|Any CPU
		{C2D3C284-F998-46F2-1999-159A3CA99221}.Release|Any CPU.ActiveCfg = Release|Any CPU
		{C2D3C284-F998-46F2-1999-159A3CA99221}.Release|Any CPU.Build.0 = Release|Any CPU
		{AD228FA5-768E-96FD-316C-BB8E524F303F}.Debug|Any CPU.ActiveCfg = Debug|Any CPU
		{AD228FA5-768E-96FD-316C-BB8E524F303F}.Debug|Any CPU.Build.0 = Debug|Any CPU
		{AD228FA5-768E-96FD-316C-BB8E524F303F}.Release|Any CPU.ActiveCfg = Release|Any CPU
		{AD228FA5-768E-96FD-316C-BB8E524F303F}.Release|Any CPU.Build.0 = Release|Any CPU
		{969F86DD-A1D3-848B-1D41-37B3EB76D59C}.Debug|Any CPU.ActiveCfg = Debug|Any CPU
		{969F86DD-A1D3-848B-1D41-37B3EB76D59C}.Debug|Any CPU.Build.0 = Debug|Any CPU
		{969F86DD-A1D3-848B-1D41-37B3EB76D59C}.Release|Any CPU.ActiveCfg = Release|Any CPU
		{969F86DD-A1D3-848B-1D41-37B3EB76D59C}.Release|Any CPU.Build.0 = Release|Any CPU
		{62793A41-32A0-BB27-6929-0CDF10011D9D}.Debug|Any CPU.ActiveCfg = Debug|Any CPU
		{62793A41-32A0-BB27-6929-0CDF10011D9D}.Debug|Any CPU.Build.0 = Debug|Any CPU
		{62793A41-32A0-BB27-6929-0CDF10011D9D}.Release|Any CPU.ActiveCfg = Release|Any CPU
		{62793A41-32A0-BB27-6929-0CDF10011D9D}.Release|Any CPU.Build.0 = Release|Any CPU
		{86E7D491-3FFE-F6AE-1E46-D9C50D963917}.Debug|Any CPU.ActiveCfg = Debug|Any CPU
		{86E7D491-3FFE-F6AE-1E46-D9C50D963917}.Debug|Any CPU.Build.0 = Debug|Any CPU
		{86E7D491-3FFE-F6AE-1E46-D9C50D963917}.Release|Any CPU.ActiveCfg = Release|Any CPU
		{86E7D491-3FFE-F6AE-1E46-D9C50D963917}.Release|Any CPU.Build.0 = Release|Any CPU
		{F8179D8C-543F-EE6F-F14B-B1CC80F83FB2}.Debug|Any CPU.ActiveCfg = Debug|Any CPU
		{F8179D8C-543F-EE6F-F14B-B1CC80F83FB2}.Debug|Any CPU.Build.0 = Debug|Any CPU
		{F8179D8C-543F-EE6F-F14B-B1CC80F83FB2}.Release|Any CPU.ActiveCfg = Release|Any CPU
		{F8179D8C-543F-EE6F-F14B-B1CC80F83FB2}.Release|Any CPU.Build.0 = Release|Any CPU
		{4298AD5D-94A3-376B-B1BD-968607D33CD4}.Debug|Any CPU.ActiveCfg = Debug|Any CPU
		{4298AD5D-94A3-376B-B1BD-968607D33CD4}.Debug|Any CPU.Build.0 = Debug|Any CPU
		{4298AD5D-94A3-376B-B1BD-968607D33CD4}.Release|Any CPU.ActiveCfg = Release|Any CPU
		{4298AD5D-94A3-376B-B1BD-968607D33CD4}.Release|Any CPU.Build.0 = Release|Any CPU
	EndGlobalSection
	GlobalSection(SolutionProperties) = preSolution
		HideSolutionNode = FALSE
	EndGlobalSection
EndGlobal
